
Microsoft Visual Studio Solution File, Format Version 12.00
# Visual Studio Version 16
VisualStudioVersion = 16.0.29613.14
MinimumVisualStudioVersion = 10.0.40219.1
Project("{FAE04EC0-301F-11D3-BF4B-00C04F79EFBC}") = "Comparison Engine", "Comparison Engine\Comparison Engine.csproj", "{F594A5C4-1CDF-4667-8003-EAAE581F6BF0}"
EndProject
Global
	GlobalSection(SolutionConfigurationPlatforms) = preSolution
		Debug|Any CPU = Debug|Any CPU
		Release|Any CPU = Release|Any CPU
	EndGlobalSection
	GlobalSection(ProjectConfigurationPlatforms) = postSolution
		{F594A5C4-1CDF-4667-8003-EAAE581F6BF0}.Debug|Any CPU.ActiveCfg = Debug|Any CPU
		{F594A5C4-1CDF-4667-8003-EAAE581F6BF0}.Debug|Any CPU.Build.0 = Debug|Any CPU
		{F594A5C4-1CDF-4667-8003-EAAE581F6BF0}.Release|Any CPU.ActiveCfg = Release|Any CPU
		{F594A5C4-1CDF-4667-8003-EAAE581F6BF0}.Release|Any CPU.Build.0 = Release|Any CPU
	EndGlobalSection
	GlobalSection(SolutionProperties) = preSolution
		HideSolutionNode = FALSE
	EndGlobalSection
	GlobalSection(ExtensibilityGlobals) = postSolution
		SolutionGuid = {24CCC289-57F2-40F6-B752-F22EC9A3C76B}
	EndGlobalSection
EndGlobal
