
Microsoft Visual Studio Solution File, Format Version 12.00
# Visual Studio Version 16
VisualStudioVersion = 16.0.30621.155
MinimumVisualStudioVersion = 10.0.40219.1
Project("{9A19103F-16F7-4668-BE54-9A1E7A4F7556}") = "WebService", "WebService.csproj", "{A3F88153-76AD-4650-9D09-4E9E7E748424}"
EndProject
Global
	GlobalSection(SolutionConfigurationPlatforms) = preSolution
		Debug|Any CPU = Debug|Any CPU
		Release|Any CPU = Release|Any CPU
	EndGlobalSection
	GlobalSection(ProjectConfigurationPlatforms) = postSolution
		{A3F88153-76AD-4650-9D09-4E9E7E748424}.Debug|Any CPU.ActiveCfg = Debug|Any CPU
		{A3F88153-76AD-4650-9D09-4E9E7E748424}.Debug|Any CPU.Build.0 = Debug|Any CPU
		{A3F88153-76AD-4650-9D09-4E9E7E748424}.Release|Any CPU.ActiveCfg = Release|Any CPU
		{A3F88153-76AD-4650-9D09-4E9E7E748424}.Release|Any CPU.Build.0 = Release|Any CPU
	EndGlobalSection
	GlobalSection(SolutionProperties) = preSolution
		HideSolutionNode = FALSE
	EndGlobalSection
	GlobalSection(ExtensibilityGlobals) = postSolution
		SolutionGuid = {01EAA322-16AD-4346-B121-F8A975E5839C}
	EndGlobalSection
EndGlobal
