
Microsoft Visual Studio Solution File, Format Version 12.00
# Visual Studio Version 16
VisualStudioVersion = 16.0.30621.155
MinimumVisualStudioVersion = 10.0.40219.1
Project("{9A19103F-16F7-4668-BE54-9A1E7A4F7556}") = "WebService", "WebService\WebService.csproj", "{1B9FA916-34B3-4CBA-99E8-1F31467B7079}"
EndProject
Project("{FAE04EC0-301F-11D3-BF4B-00C04F79EFBC}") = "ComparisonEngineUI.Android", "ComparisonEngineUI\ComparisonEngineUI.Android\ComparisonEngineUI.Android.csproj", "{CE87C049-4923-47A7-A22E-6208C2CA49F0}"
EndProject
Project("{FAE04EC0-301F-11D3-BF4B-00C04F79EFBC}") = "ComparisonEngineUI.iOS", "ComparisonEngineUI\ComparisonEngineUI.iOS\ComparisonEngineUI.iOS.csproj", "{DA3FC7BF-9486-483B-B302-58D95B66F20E}"
EndProject
Project("{9A19103F-16F7-4668-BE54-9A1E7A4F7556}") = "ComparisonEngineUI", "ComparisonEngineUI\ComparisonEngineUI\ComparisonEngineUI.csproj", "{3CE8DBEE-149C-4587-A5DA-D434CEC73062}"
EndProject
Project("{FAE04EC0-301F-11D3-BF4B-00C04F79EFBC}") = "LoggerService", "LoggerService\LoggerService.csproj", "{03719FC8-1C51-422B-B263-20D541AFD0AD}"
EndProject
Global
	GlobalSection(SolutionConfigurationPlatforms) = preSolution
		Debug|Any CPU = Debug|Any CPU
		Debug|iPhone = Debug|iPhone
		Debug|iPhoneSimulator = Debug|iPhoneSimulator
		Release|Any CPU = Release|Any CPU
		Release|iPhone = Release|iPhone
		Release|iPhoneSimulator = Release|iPhoneSimulator
	EndGlobalSection
	GlobalSection(ProjectConfigurationPlatforms) = postSolution
		{1B9FA916-34B3-4CBA-99E8-1F31467B7079}.Debug|Any CPU.ActiveCfg = Debug|Any CPU
		{1B9FA916-34B3-4CBA-99E8-1F31467B7079}.Debug|Any CPU.Build.0 = Debug|Any CPU
		{1B9FA916-34B3-4CBA-99E8-1F31467B7079}.Debug|iPhone.ActiveCfg = Debug|Any CPU
		{1B9FA916-34B3-4CBA-99E8-1F31467B7079}.Debug|iPhone.Build.0 = Debug|Any CPU
		{1B9FA916-34B3-4CBA-99E8-1F31467B7079}.Debug|iPhoneSimulator.ActiveCfg = Debug|Any CPU
		{1B9FA916-34B3-4CBA-99E8-1F31467B7079}.Debug|iPhoneSimulator.Build.0 = Debug|Any CPU
		{1B9FA916-34B3-4CBA-99E8-1F31467B7079}.Release|Any CPU.ActiveCfg = Release|Any CPU
		{1B9FA916-34B3-4CBA-99E8-1F31467B7079}.Release|Any CPU.Build.0 = Release|Any CPU
		{1B9FA916-34B3-4CBA-99E8-1F31467B7079}.Release|iPhone.ActiveCfg = Release|Any CPU
		{1B9FA916-34B3-4CBA-99E8-1F31467B7079}.Release|iPhone.Build.0 = Release|Any CPU
		{1B9FA916-34B3-4CBA-99E8-1F31467B7079}.Release|iPhoneSimulator.ActiveCfg = Release|Any CPU
		{1B9FA916-34B3-4CBA-99E8-1F31467B7079}.Release|iPhoneSimulator.Build.0 = Release|Any CPU
		{CE87C049-4923-47A7-A22E-6208C2CA49F0}.Debug|Any CPU.ActiveCfg = Debug|Any CPU
		{CE87C049-4923-47A7-A22E-6208C2CA49F0}.Debug|Any CPU.Build.0 = Debug|Any CPU
		{CE87C049-4923-47A7-A22E-6208C2CA49F0}.Debug|Any CPU.Deploy.0 = Debug|Any CPU
		{CE87C049-4923-47A7-A22E-6208C2CA49F0}.Debug|iPhone.ActiveCfg = Debug|Any CPU
		{CE87C049-4923-47A7-A22E-6208C2CA49F0}.Debug|iPhone.Build.0 = Debug|Any CPU
		{CE87C049-4923-47A7-A22E-6208C2CA49F0}.Debug|iPhone.Deploy.0 = Debug|Any CPU
		{CE87C049-4923-47A7-A22E-6208C2CA49F0}.Debug|iPhoneSimulator.ActiveCfg = Debug|Any CPU
		{CE87C049-4923-47A7-A22E-6208C2CA49F0}.Debug|iPhoneSimulator.Build.0 = Debug|Any CPU
		{CE87C049-4923-47A7-A22E-6208C2CA49F0}.Debug|iPhoneSimulator.Deploy.0 = Debug|Any CPU
		{CE87C049-4923-47A7-A22E-6208C2CA49F0}.Release|Any CPU.ActiveCfg = Release|Any CPU
		{CE87C049-4923-47A7-A22E-6208C2CA49F0}.Release|Any CPU.Build.0 = Release|Any CPU
		{CE87C049-4923-47A7-A22E-6208C2CA49F0}.Release|Any CPU.Deploy.0 = Release|Any CPU
		{CE87C049-4923-47A7-A22E-6208C2CA49F0}.Release|iPhone.ActiveCfg = Release|Any CPU
		{CE87C049-4923-47A7-A22E-6208C2CA49F0}.Release|iPhone.Build.0 = Release|Any CPU
		{CE87C049-4923-47A7-A22E-6208C2CA49F0}.Release|iPhone.Deploy.0 = Release|Any CPU
		{CE87C049-4923-47A7-A22E-6208C2CA49F0}.Release|iPhoneSimulator.ActiveCfg = Release|Any CPU
		{CE87C049-4923-47A7-A22E-6208C2CA49F0}.Release|iPhoneSimulator.Build.0 = Release|Any CPU
		{CE87C049-4923-47A7-A22E-6208C2CA49F0}.Release|iPhoneSimulator.Deploy.0 = Release|Any CPU
		{DA3FC7BF-9486-483B-B302-58D95B66F20E}.Debug|Any CPU.ActiveCfg = Debug|iPhoneSimulator
		{DA3FC7BF-9486-483B-B302-58D95B66F20E}.Debug|iPhone.ActiveCfg = Debug|iPhone
		{DA3FC7BF-9486-483B-B302-58D95B66F20E}.Debug|iPhone.Build.0 = Debug|iPhone
		{DA3FC7BF-9486-483B-B302-58D95B66F20E}.Debug|iPhoneSimulator.ActiveCfg = Debug|iPhoneSimulator
		{DA3FC7BF-9486-483B-B302-58D95B66F20E}.Debug|iPhoneSimulator.Build.0 = Debug|iPhoneSimulator
		{DA3FC7BF-9486-483B-B302-58D95B66F20E}.Release|Any CPU.ActiveCfg = Release|iPhoneSimulator
		{DA3FC7BF-9486-483B-B302-58D95B66F20E}.Release|iPhone.ActiveCfg = Release|iPhone
		{DA3FC7BF-9486-483B-B302-58D95B66F20E}.Release|iPhone.Build.0 = Release|iPhone
		{DA3FC7BF-9486-483B-B302-58D95B66F20E}.Release|iPhoneSimulator.ActiveCfg = Release|iPhoneSimulator
		{DA3FC7BF-9486-483B-B302-58D95B66F20E}.Release|iPhoneSimulator.Build.0 = Release|iPhoneSimulator
		{3CE8DBEE-149C-4587-A5DA-D434CEC73062}.Debug|Any CPU.ActiveCfg = Debug|Any CPU
		{3CE8DBEE-149C-4587-A5DA-D434CEC73062}.Debug|Any CPU.Build.0 = Debug|Any CPU
		{3CE8DBEE-149C-4587-A5DA-D434CEC73062}.Debug|iPhone.ActiveCfg = Debug|Any CPU
		{3CE8DBEE-149C-4587-A5DA-D434CEC73062}.Debug|iPhone.Build.0 = Debug|Any CPU
		{3CE8DBEE-149C-4587-A5DA-D434CEC73062}.Debug|iPhoneSimulator.ActiveCfg = Debug|Any CPU
		{3CE8DBEE-149C-4587-A5DA-D434CEC73062}.Debug|iPhoneSimulator.Build.0 = Debug|Any CPU
		{3CE8DBEE-149C-4587-A5DA-D434CEC73062}.Release|Any CPU.ActiveCfg = Release|Any CPU
		{3CE8DBEE-149C-4587-A5DA-D434CEC73062}.Release|Any CPU.Build.0 = Release|Any CPU
		{3CE8DBEE-149C-4587-A5DA-D434CEC73062}.Release|iPhone.ActiveCfg = Release|Any CPU
		{3CE8DBEE-149C-4587-A5DA-D434CEC73062}.Release|iPhone.Build.0 = Release|Any CPU
		{3CE8DBEE-149C-4587-A5DA-D434CEC73062}.Release|iPhoneSimulator.ActiveCfg = Release|Any CPU
		{3CE8DBEE-149C-4587-A5DA-D434CEC73062}.Release|iPhoneSimulator.Build.0 = Release|Any CPU
		{03719FC8-1C51-422B-B263-20D541AFD0AD}.Debug|Any CPU.ActiveCfg = Debug|Any CPU
		{03719FC8-1C51-422B-B263-20D541AFD0AD}.Debug|Any CPU.Build.0 = Debug|Any CPU
		{03719FC8-1C51-422B-B263-20D541AFD0AD}.Debug|iPhone.ActiveCfg = Debug|Any CPU
		{03719FC8-1C51-422B-B263-20D541AFD0AD}.Debug|iPhone.Build.0 = Debug|Any CPU
		{03719FC8-1C51-422B-B263-20D541AFD0AD}.Debug|iPhoneSimulator.ActiveCfg = Debug|Any CPU
		{03719FC8-1C51-422B-B263-20D541AFD0AD}.Debug|iPhoneSimulator.Build.0 = Debug|Any CPU
		{03719FC8-1C51-422B-B263-20D541AFD0AD}.Release|Any CPU.ActiveCfg = Release|Any CPU
		{03719FC8-1C51-422B-B263-20D541AFD0AD}.Release|Any CPU.Build.0 = Release|Any CPU
		{03719FC8-1C51-422B-B263-20D541AFD0AD}.Release|iPhone.ActiveCfg = Release|Any CPU
		{03719FC8-1C51-422B-B263-20D541AFD0AD}.Release|iPhone.Build.0 = Release|Any CPU
		{03719FC8-1C51-422B-B263-20D541AFD0AD}.Release|iPhoneSimulator.ActiveCfg = Release|Any CPU
		{03719FC8-1C51-422B-B263-20D541AFD0AD}.Release|iPhoneSimulator.Build.0 = Release|Any CPU
	EndGlobalSection
	GlobalSection(SolutionProperties) = preSolution
		HideSolutionNode = FALSE
	EndGlobalSection
	GlobalSection(ExtensibilityGlobals) = postSolution
		SolutionGuid = {B845EFEB-3932-4AFE-B02A-0A78BD3D1CF5}
	EndGlobalSection
EndGlobal
